
Microsoft Visual Studio Solution File, Format Version 12.00
# Visual Studio Version 17
VisualStudioVersion = 17.11.35312.102
MinimumVisualStudioVersion = 10.0.40219.1
Project("{9A19103F-16F7-4668-BE54-9A1E7A4F7556}") = "lab1", "lab1\lab1.csproj", "{E5042F34-F968-45EF-AF3A-D3E67B26045B}"
EndProject
Project("{9A19103F-16F7-4668-BE54-9A1E7A4F7556}") = "lab2", "..\lab2\lab2.csproj", "{41BFFF74-9997-4917-9835-40E545D84174}"
EndProject
Project("{9A19103F-16F7-4668-BE54-9A1E7A4F7556}") = "lab3", "..\lab3\lab3.csproj", "{75371F79-A203-4532-90D1-AC26CEB07D56}"
EndProject
Project("{9A19103F-16F7-4668-BE54-9A1E7A4F7556}") = "Lab6", "..\Lab6\Lab6.csproj", "{D7FEA714-E16D-4FEE-9986-EEA130BEB3BF}"
EndProject
Project("{FAE04EC0-301F-11D3-BF4B-00C04F79EFBC}") = "lab8", "..\lab8\lab8.csproj", "{FC7479AD-CBF7-45F9-AACC-A4E1129213FE}"
EndProject
Project("{9A19103F-16F7-4668-BE54-9A1E7A4F7556}") = "Lab10", "..\Lab10\Lab10.csproj", "{58B9FFFE-ECF7-43D5-A16B-2A6552B958AD}"
EndProject
Project("{FAE04EC0-301F-11D3-BF4B-00C04F79EFBC}") = "lab10_2", "..\lab10_2\lab10_2.csproj", "{01BDAA72-C318-49C4-A2C2-535694520C95}"
EndProject
Project("{9A19103F-16F7-4668-BE54-9A1E7A4F7556}") = "lab11", "..\lab11\lab11.csproj", "{238A66E6-E3BB-4A2E-8986-CCAD2C095FF0}"
EndProject
Project("{9A19103F-16F7-4668-BE54-9A1E7A4F7556}") = "Test", "..\Test\Test.csproj", "{FECD6240-C6F9-45B5-B75E-FADE7B179EFA}"
EndProject
Project("{FAE04EC0-301F-11D3-BF4B-00C04F79EFBC}") = "Test_Form", "..\Test_Form\Test_Form.csproj", "{0DCE7BEC-0705-45BD-8E41-E53B50C2A3E3}"
EndProject
Global
	GlobalSection(SolutionConfigurationPlatforms) = preSolution
		Debug|Any CPU = Debug|Any CPU
		Release|Any CPU = Release|Any CPU
	EndGlobalSection
	GlobalSection(ProjectConfigurationPlatforms) = postSolution
		{E5042F34-F968-45EF-AF3A-D3E67B26045B}.Debug|Any CPU.ActiveCfg = Debug|Any CPU
		{E5042F34-F968-45EF-AF3A-D3E67B26045B}.Debug|Any CPU.Build.0 = Debug|Any CPU
		{E5042F34-F968-45EF-AF3A-D3E67B26045B}.Release|Any CPU.ActiveCfg = Release|Any CPU
		{E5042F34-F968-45EF-AF3A-D3E67B26045B}.Release|Any CPU.Build.0 = Release|Any CPU
		{41BFFF74-9997-4917-9835-40E545D84174}.Debug|Any CPU.ActiveCfg = Debug|Any CPU
		{41BFFF74-9997-4917-9835-40E545D84174}.Debug|Any CPU.Build.0 = Debug|Any CPU
		{41BFFF74-9997-4917-9835-40E545D84174}.Release|Any CPU.ActiveCfg = Release|Any CPU
		{41BFFF74-9997-4917-9835-40E545D84174}.Release|Any CPU.Build.0 = Release|Any CPU
		{75371F79-A203-4532-90D1-AC26CEB07D56}.Debug|Any CPU.ActiveCfg = Debug|Any CPU
		{75371F79-A203-4532-90D1-AC26CEB07D56}.Debug|Any CPU.Build.0 = Debug|Any CPU
		{75371F79-A203-4532-90D1-AC26CEB07D56}.Release|Any CPU.ActiveCfg = Release|Any CPU
		{75371F79-A203-4532-90D1-AC26CEB07D56}.Release|Any CPU.Build.0 = Release|Any CPU
		{D7FEA714-E16D-4FEE-9986-EEA130BEB3BF}.Debug|Any CPU.ActiveCfg = Debug|Any CPU
		{D7FEA714-E16D-4FEE-9986-EEA130BEB3BF}.Debug|Any CPU.Build.0 = Debug|Any CPU
		{D7FEA714-E16D-4FEE-9986-EEA130BEB3BF}.Release|Any CPU.ActiveCfg = Release|Any CPU
		{D7FEA714-E16D-4FEE-9986-EEA130BEB3BF}.Release|Any CPU.Build.0 = Release|Any CPU
		{FC7479AD-CBF7-45F9-AACC-A4E1129213FE}.Debug|Any CPU.ActiveCfg = Debug|Any CPU
		{FC7479AD-CBF7-45F9-AACC-A4E1129213FE}.Debug|Any CPU.Build.0 = Debug|Any CPU
		{FC7479AD-CBF7-45F9-AACC-A4E1129213FE}.Release|Any CPU.ActiveCfg = Release|Any CPU
		{FC7479AD-CBF7-45F9-AACC-A4E1129213FE}.Release|Any CPU.Build.0 = Release|Any CPU
		{58B9FFFE-ECF7-43D5-A16B-2A6552B958AD}.Debug|Any CPU.ActiveCfg = Debug|Any CPU
		{58B9FFFE-ECF7-43D5-A16B-2A6552B958AD}.Debug|Any CPU.Build.0 = Debug|Any CPU
		{58B9FFFE-ECF7-43D5-A16B-2A6552B958AD}.Release|Any CPU.ActiveCfg = Release|Any CPU
		{58B9FFFE-ECF7-43D5-A16B-2A6552B958AD}.Release|Any CPU.Build.0 = Release|Any CPU
		{01BDAA72-C318-49C4-A2C2-535694520C95}.Debug|Any CPU.ActiveCfg = Debug|Any CPU
		{01BDAA72-C318-49C4-A2C2-535694520C95}.Debug|Any CPU.Build.0 = Debug|Any CPU
		{01BDAA72-C318-49C4-A2C2-535694520C95}.Release|Any CPU.ActiveCfg = Release|Any CPU
		{01BDAA72-C318-49C4-A2C2-535694520C95}.Release|Any CPU.Build.0 = Release|Any CPU
		{238A66E6-E3BB-4A2E-8986-CCAD2C095FF0}.Debug|Any CPU.ActiveCfg = Debug|Any CPU
		{238A66E6-E3BB-4A2E-8986-CCAD2C095FF0}.Debug|Any CPU.Build.0 = Debug|Any CPU
		{238A66E6-E3BB-4A2E-8986-CCAD2C095FF0}.Release|Any CPU.ActiveCfg = Release|Any CPU
		{238A66E6-E3BB-4A2E-8986-CCAD2C095FF0}.Release|Any CPU.Build.0 = Release|Any CPU
		{FECD6240-C6F9-45B5-B75E-FADE7B179EFA}.Debug|Any CPU.ActiveCfg = Debug|Any CPU
		{FECD6240-C6F9-45B5-B75E-FADE7B179EFA}.Debug|Any CPU.Build.0 = Debug|Any CPU
		{FECD6240-C6F9-45B5-B75E-FADE7B179EFA}.Release|Any CPU.ActiveCfg = Release|Any CPU
		{FECD6240-C6F9-45B5-B75E-FADE7B179EFA}.Release|Any CPU.Build.0 = Release|Any CPU
		{0DCE7BEC-0705-45BD-8E41-E53B50C2A3E3}.Debug|Any CPU.ActiveCfg = Debug|Any CPU
		{0DCE7BEC-0705-45BD-8E41-E53B50C2A3E3}.Debug|Any CPU.Build.0 = Debug|Any CPU
		{0DCE7BEC-0705-45BD-8E41-E53B50C2A3E3}.Release|Any CPU.ActiveCfg = Release|Any CPU
		{0DCE7BEC-0705-45BD-8E41-E53B50C2A3E3}.Release|Any CPU.Build.0 = Release|Any CPU
	EndGlobalSection
	GlobalSection(SolutionProperties) = preSolution
		HideSolutionNode = FALSE
	EndGlobalSection
	GlobalSection(ExtensibilityGlobals) = postSolution
		SolutionGuid = {CCBE0955-20DD-49DE-9200-F24E6C3BE5C6}
	EndGlobalSection
EndGlobal
